
Microsoft Visual Studio Solution File, Format Version 12.00
# Visual Studio Version 17
VisualStudioVersion = 17.10.35013.160
MinimumVisualStudioVersion = 10.0.40219.1
Project("{FAE04EC0-301F-11D3-BF4B-00C04F79EFBC}") = "FactoryPattern", "FactoryPattern.csproj", "{796A303B-981A-4B4D-9ABA-43E770839F96}"
EndProject
Global
	GlobalSection(SolutionConfigurationPlatforms) = preSolution
		Debug|Any CPU = Debug|Any CPU
		Release|Any CPU = Release|Any CPU
	EndGlobalSection
	GlobalSection(ProjectConfigurationPlatforms) = postSolution
		{796A303B-981A-4B4D-9ABA-43E770839F96}.Debug|Any CPU.ActiveCfg = Debug|Any CPU
		{796A303B-981A-4B4D-9ABA-43E770839F96}.Debug|Any CPU.Build.0 = Debug|Any CPU
		{796A303B-981A-4B4D-9ABA-43E770839F96}.Release|Any CPU.ActiveCfg = Release|Any CPU
		{796A303B-981A-4B4D-9ABA-43E770839F96}.Release|Any CPU.Build.0 = Release|Any CPU
	EndGlobalSection
	GlobalSection(SolutionProperties) = preSolution
		HideSolutionNode = FALSE
	EndGlobalSection
	GlobalSection(ExtensibilityGlobals) = postSolution
		SolutionGuid = {177CA716-D8F7-43A6-816F-9336F954B6F0}
	EndGlobalSection
EndGlobal
