
Microsoft Visual Studio Solution File, Format Version 12.00
# Visual Studio Version 17
VisualStudioVersion = 17.10.35013.160
MinimumVisualStudioVersion = 10.0.40219.1
Project("{FAE04EC0-301F-11D3-BF4B-00C04F79EFBC}") = "BuilderPattern", "BuilderPattern.csproj", "{4FA86CB9-BED0-4AE3-828F-9A750051FE67}"
EndProject
Global
	GlobalSection(SolutionConfigurationPlatforms) = preSolution
		Debug|Any CPU = Debug|Any CPU
		Release|Any CPU = Release|Any CPU
	EndGlobalSection
	GlobalSection(ProjectConfigurationPlatforms) = postSolution
		{4FA86CB9-BED0-4AE3-828F-9A750051FE67}.Debug|Any CPU.ActiveCfg = Debug|Any CPU
		{4FA86CB9-BED0-4AE3-828F-9A750051FE67}.Debug|Any CPU.Build.0 = Debug|Any CPU
		{4FA86CB9-BED0-4AE3-828F-9A750051FE67}.Release|Any CPU.ActiveCfg = Release|Any CPU
		{4FA86CB9-BED0-4AE3-828F-9A750051FE67}.Release|Any CPU.Build.0 = Release|Any CPU
	EndGlobalSection
	GlobalSection(SolutionProperties) = preSolution
		HideSolutionNode = FALSE
	EndGlobalSection
	GlobalSection(ExtensibilityGlobals) = postSolution
		SolutionGuid = {76BC9826-0DDB-4CAB-97C6-860D041C7BB9}
	EndGlobalSection
EndGlobal
