
Microsoft Visual Studio Solution File, Format Version 12.00
# Visual Studio Version 17
VisualStudioVersion = 17.10.35013.160
MinimumVisualStudioVersion = 10.0.40219.1
Project("{FAE04EC0-301F-11D3-BF4B-00C04F79EFBC}") = "AbstractClass2", "AbstractClass2.csproj", "{7C218942-2CC8-4894-BB69-8FAB2B4C282F}"
EndProject
Global
	GlobalSection(SolutionConfigurationPlatforms) = preSolution
		Debug|Any CPU = Debug|Any CPU
		Release|Any CPU = Release|Any CPU
	EndGlobalSection
	GlobalSection(ProjectConfigurationPlatforms) = postSolution
		{7C218942-2CC8-4894-BB69-8FAB2B4C282F}.Debug|Any CPU.ActiveCfg = Debug|Any CPU
		{7C218942-2CC8-4894-BB69-8FAB2B4C282F}.Debug|Any CPU.Build.0 = Debug|Any CPU
		{7C218942-2CC8-4894-BB69-8FAB2B4C282F}.Release|Any CPU.ActiveCfg = Release|Any CPU
		{7C218942-2CC8-4894-BB69-8FAB2B4C282F}.Release|Any CPU.Build.0 = Release|Any CPU
	EndGlobalSection
	GlobalSection(SolutionProperties) = preSolution
		HideSolutionNode = FALSE
	EndGlobalSection
	GlobalSection(ExtensibilityGlobals) = postSolution
		SolutionGuid = {97A6F789-3303-4EA0-9078-C986289C465A}
	EndGlobalSection
EndGlobal
