
Microsoft Visual Studio Solution File, Format Version 12.00
# Visual Studio Version 17
VisualStudioVersion = 17.10.35013.160
MinimumVisualStudioVersion = 10.0.40219.1
Project("{FAE04EC0-301F-11D3-BF4B-00C04F79EFBC}") = "StackQueue2", "StackQueue2.csproj", "{5FEF9DBE-CB21-43BB-8105-80480B372DFB}"
EndProject
Global
	GlobalSection(SolutionConfigurationPlatforms) = preSolution
		Debug|Any CPU = Debug|Any CPU
		Release|Any CPU = Release|Any CPU
	EndGlobalSection
	GlobalSection(ProjectConfigurationPlatforms) = postSolution
		{5FEF9DBE-CB21-43BB-8105-80480B372DFB}.Debug|Any CPU.ActiveCfg = Debug|Any CPU
		{5FEF9DBE-CB21-43BB-8105-80480B372DFB}.Debug|Any CPU.Build.0 = Debug|Any CPU
		{5FEF9DBE-CB21-43BB-8105-80480B372DFB}.Release|Any CPU.ActiveCfg = Release|Any CPU
		{5FEF9DBE-CB21-43BB-8105-80480B372DFB}.Release|Any CPU.Build.0 = Release|Any CPU
	EndGlobalSection
	GlobalSection(SolutionProperties) = preSolution
		HideSolutionNode = FALSE
	EndGlobalSection
	GlobalSection(ExtensibilityGlobals) = postSolution
		SolutionGuid = {5B97D12E-E301-4AC7-9257-B968D4DDF83F}
	EndGlobalSection
EndGlobal
