
Microsoft Visual Studio Solution File, Format Version 12.00
# Visual Studio Version 17
VisualStudioVersion = 17.10.35013.160
MinimumVisualStudioVersion = 10.0.40219.1
Project("{FAE04EC0-301F-11D3-BF4B-00C04F79EFBC}") = "ExtendMethod0725", "ExtendMethod0725.csproj", "{5D17A818-91F7-47A9-B193-BF59FAC4FECF}"
EndProject
Global
	GlobalSection(SolutionConfigurationPlatforms) = preSolution
		Debug|Any CPU = Debug|Any CPU
		Release|Any CPU = Release|Any CPU
	EndGlobalSection
	GlobalSection(ProjectConfigurationPlatforms) = postSolution
		{5D17A818-91F7-47A9-B193-BF59FAC4FECF}.Debug|Any CPU.ActiveCfg = Debug|Any CPU
		{5D17A818-91F7-47A9-B193-BF59FAC4FECF}.Debug|Any CPU.Build.0 = Debug|Any CPU
		{5D17A818-91F7-47A9-B193-BF59FAC4FECF}.Release|Any CPU.ActiveCfg = Release|Any CPU
		{5D17A818-91F7-47A9-B193-BF59FAC4FECF}.Release|Any CPU.Build.0 = Release|Any CPU
	EndGlobalSection
	GlobalSection(SolutionProperties) = preSolution
		HideSolutionNode = FALSE
	EndGlobalSection
	GlobalSection(ExtensibilityGlobals) = postSolution
		SolutionGuid = {4D59C6C8-3C17-4D48-8852-506FAB4D6239}
	EndGlobalSection
EndGlobal
