
Microsoft Visual Studio Solution File, Format Version 12.00
# Visual Studio Version 17
VisualStudioVersion = 17.10.35013.160
MinimumVisualStudioVersion = 10.0.40219.1
Project("{FAE04EC0-301F-11D3-BF4B-00C04F79EFBC}") = "StudyClass", "StudyClass.csproj", "{4876D352-6A9A-40DD-8D54-E4460758AF70}"
EndProject
Global
	GlobalSection(SolutionConfigurationPlatforms) = preSolution
		Debug|Any CPU = Debug|Any CPU
		Release|Any CPU = Release|Any CPU
	EndGlobalSection
	GlobalSection(ProjectConfigurationPlatforms) = postSolution
		{4876D352-6A9A-40DD-8D54-E4460758AF70}.Debug|Any CPU.ActiveCfg = Debug|Any CPU
		{4876D352-6A9A-40DD-8D54-E4460758AF70}.Debug|Any CPU.Build.0 = Debug|Any CPU
		{4876D352-6A9A-40DD-8D54-E4460758AF70}.Release|Any CPU.ActiveCfg = Release|Any CPU
		{4876D352-6A9A-40DD-8D54-E4460758AF70}.Release|Any CPU.Build.0 = Release|Any CPU
	EndGlobalSection
	GlobalSection(SolutionProperties) = preSolution
		HideSolutionNode = FALSE
	EndGlobalSection
	GlobalSection(ExtensibilityGlobals) = postSolution
		SolutionGuid = {25FF3EDE-A84A-4741-9687-221C216815D5}
	EndGlobalSection
EndGlobal
