
Microsoft Visual Studio Solution File, Format Version 12.00
# Visual Studio Version 17
VisualStudioVersion = 17.10.35013.160
MinimumVisualStudioVersion = 10.0.40219.1
Project("{FAE04EC0-301F-11D3-BF4B-00C04F79EFBC}") = "Graph0801", "Graph0801.csproj", "{B212935B-9C0D-4398-949F-0778ABEAC799}"
EndProject
Global
	GlobalSection(SolutionConfigurationPlatforms) = preSolution
		Debug|Any CPU = Debug|Any CPU
		Release|Any CPU = Release|Any CPU
	EndGlobalSection
	GlobalSection(ProjectConfigurationPlatforms) = postSolution
		{B212935B-9C0D-4398-949F-0778ABEAC799}.Debug|Any CPU.ActiveCfg = Debug|Any CPU
		{B212935B-9C0D-4398-949F-0778ABEAC799}.Debug|Any CPU.Build.0 = Debug|Any CPU
		{B212935B-9C0D-4398-949F-0778ABEAC799}.Release|Any CPU.ActiveCfg = Release|Any CPU
		{B212935B-9C0D-4398-949F-0778ABEAC799}.Release|Any CPU.Build.0 = Release|Any CPU
	EndGlobalSection
	GlobalSection(SolutionProperties) = preSolution
		HideSolutionNode = FALSE
	EndGlobalSection
	GlobalSection(ExtensibilityGlobals) = postSolution
		SolutionGuid = {0731C4AB-CE9A-40F1-BF13-D2E1F67A5AFD}
	EndGlobalSection
EndGlobal
